
Microsoft Visual Studio Solution File, Format Version 12.00
# Visual Studio Version 16
VisualStudioVersion = 16.0.31613.86
MinimumVisualStudioVersion = 10.0.40219.1
Project("{2150E333-8FDC-42A3-9474-1A3956D46DE8}") = "src", "src", "{1EA32142-DF87-415C-9C43-77F571EB9DE1}"
EndProject
Project("{FAE04EC0-301F-11D3-BF4B-00C04F79EFBC}") = "RushToWin.API", "RushToWin.API\RushToWin.API.csproj", "{1E3E5E57-4FCB-4EE6-9A50-5DED245380C4}"
EndProject
Global
	GlobalSection(SolutionConfigurationPlatforms) = preSolution
		Debug|Any CPU = Debug|Any CPU
		Release|Any CPU = Release|Any CPU
	EndGlobalSection
	GlobalSection(ProjectConfigurationPlatforms) = postSolution
		{1E3E5E57-4FCB-4EE6-9A50-5DED245380C4}.Debug|Any CPU.ActiveCfg = Debug|Any CPU
		{1E3E5E57-4FCB-4EE6-9A50-5DED245380C4}.Debug|Any CPU.Build.0 = Debug|Any CPU
		{1E3E5E57-4FCB-4EE6-9A50-5DED245380C4}.Release|Any CPU.ActiveCfg = Release|Any CPU
		{1E3E5E57-4FCB-4EE6-9A50-5DED245380C4}.Release|Any CPU.Build.0 = Release|Any CPU
	EndGlobalSection
	GlobalSection(SolutionProperties) = preSolution
		HideSolutionNode = FALSE
	EndGlobalSection
	GlobalSection(NestedProjects) = preSolution
		{1E3E5E57-4FCB-4EE6-9A50-5DED245380C4} = {1EA32142-DF87-415C-9C43-77F571EB9DE1}
	EndGlobalSection
	GlobalSection(ExtensibilityGlobals) = postSolution
		SolutionGuid = {3FC182CC-FA99-4BE8-86B6-5333D9E2DC2B}
	EndGlobalSection
EndGlobal
